
Microsoft Visual Studio Solution File, Format Version 12.00
# Visual Studio Version 17
VisualStudioVersion = 17.0.31903.59
MinimumVisualStudioVersion = 10.0.40219.1
Project("{FAE04EC0-301F-11D3-BF4B-00C04F79EFBC}") = "SquareEquationLib", "SquareEquationLib\SquareEquationLib.csproj", "{FFB26D87-433C-485C-81B7-47FDFB2C2E17}"
EndProject
Project("{FAE04EC0-301F-11D3-BF4B-00C04F79EFBC}") = "XUnit.Coverlet.Collector", "XUnit.Coverlet.Collector\XUnit.Coverlet.Collector.csproj", "{0E071A2D-4113-4A10-99BF-A04E147CB286}"
EndProject
Project("{FAE04EC0-301F-11D3-BF4B-00C04F79EFBC}") = "XUnit.Coverlet.MSBuild", "XUnit.Coverlet.MSBuild\XUnit.Coverlet.MSBuild.csproj", "{55A0E274-7FE7-48D7-90E2-A5B43221B9B1}"
EndProject
Project("{FAE04EC0-301F-11D3-BF4B-00C04F79EFBC}") = "BDD.Test", "BDD.Test\BDD.Test.csproj", "{AB7BE706-DDE4-45C2-8260-F8EF78B9D8FB}"
EndProject
Global
	GlobalSection(SolutionConfigurationPlatforms) = preSolution
		Debug|Any CPU = Debug|Any CPU
		Release|Any CPU = Release|Any CPU
	EndGlobalSection
	GlobalSection(SolutionProperties) = preSolution
		HideSolutionNode = FALSE
	EndGlobalSection
	GlobalSection(ProjectConfigurationPlatforms) = postSolution
		{FFB26D87-433C-485C-81B7-47FDFB2C2E17}.Debug|Any CPU.ActiveCfg = Debug|Any CPU
		{FFB26D87-433C-485C-81B7-47FDFB2C2E17}.Debug|Any CPU.Build.0 = Debug|Any CPU
		{FFB26D87-433C-485C-81B7-47FDFB2C2E17}.Release|Any CPU.ActiveCfg = Release|Any CPU
		{FFB26D87-433C-485C-81B7-47FDFB2C2E17}.Release|Any CPU.Build.0 = Release|Any CPU
		{0E071A2D-4113-4A10-99BF-A04E147CB286}.Debug|Any CPU.ActiveCfg = Debug|Any CPU
		{0E071A2D-4113-4A10-99BF-A04E147CB286}.Debug|Any CPU.Build.0 = Debug|Any CPU
		{0E071A2D-4113-4A10-99BF-A04E147CB286}.Release|Any CPU.ActiveCfg = Release|Any CPU
		{0E071A2D-4113-4A10-99BF-A04E147CB286}.Release|Any CPU.Build.0 = Release|Any CPU
		{55A0E274-7FE7-48D7-90E2-A5B43221B9B1}.Debug|Any CPU.ActiveCfg = Debug|Any CPU
		{55A0E274-7FE7-48D7-90E2-A5B43221B9B1}.Debug|Any CPU.Build.0 = Debug|Any CPU
		{55A0E274-7FE7-48D7-90E2-A5B43221B9B1}.Release|Any CPU.ActiveCfg = Release|Any CPU
		{55A0E274-7FE7-48D7-90E2-A5B43221B9B1}.Release|Any CPU.Build.0 = Release|Any CPU
		{AB7BE706-DDE4-45C2-8260-F8EF78B9D8FB}.Debug|Any CPU.ActiveCfg = Debug|Any CPU
		{AB7BE706-DDE4-45C2-8260-F8EF78B9D8FB}.Debug|Any CPU.Build.0 = Debug|Any CPU
		{AB7BE706-DDE4-45C2-8260-F8EF78B9D8FB}.Release|Any CPU.ActiveCfg = Release|Any CPU
		{AB7BE706-DDE4-45C2-8260-F8EF78B9D8FB}.Release|Any CPU.Build.0 = Release|Any CPU
	EndGlobalSection
EndGlobal
